<?xml version="1.0" encoding="utf-8"?>
<Project ToolsVersion="4.0" xmlns="http://schemas.microsoft.com/developer/msbuild/2003">
  <ItemGroup>
    <Filter Include="Source Files">
      <UniqueIdentifier>{4FC737F1-C7A5-4376-A066-2A32D752A2FF}</UniqueIdentifier>
      <Extensions>cpp;c;cc;cxx;def;odl;idl;hpj;bat;asm;asmx</Extensions>
    </Filter>
    <Filter Include="Header Files">
      <UniqueIdentifier>{93995380-89BD-4b04-88EB-625FBE52EBFB}</UniqueIdentifier>
      <Extensions>h;hh;hpp;hxx;hm;inl;inc;xsd</Extensions>
    </Filter>
    <Filter Include="Resource Files">
      <UniqueIdentifier>{67DA6AB6-F800-4c08-8B7A-83BB121AAD01}</UniqueIdentifier>
      <Extensions>rc;ico;cur;bmp;dlg;rc2;rct;bin;rgs;gif;jpg;jpeg;jpe;resx;tiff;tif;png;wav;mfcribbon-ms</Extensions>
    </Filter>
    <Filter Include="Header Files\Data Objects">
      <UniqueIdentifier>{0a86568d-34e1-4f0d-b5c8-0ed07b4d3e96}</UniqueIdentifier>
    </Filter>
    <Filter Include="Source Files\Data Objects">
      <UniqueIdentifier>{0765adce-95c3-4e33-b710-135e66755109}</UniqueIdentifier>
    </Filter>
    <Filter Include="Source Files\3D Objects">
      <UniqueIdentifier>{1ec6ff9b-f3a9-4f44-8cb2-40a8df5b5dbc}</UniqueIdentifier>
    </Filter>
    <Filter Include="Header Files\3D Objects">
      <UniqueIdentifier>{e4913aa9-49be-4dd8-b812-9a76c93ed0ae}</UniqueIdentifier>
    </Filter>
    <Filter Include="Header Files\Event Handlers">
      <UniqueIdentifier>{8544b0f7-9e5c-498e-b1ba-a24182668bd1}</UniqueIdentifier>
    </Filter>
    <Filter Include="Source Files\Event Hanlders">
      <UniqueIdentifier>{13c1ddee-a868-47ff-b472-3923e5485de6}</UniqueIdentifier>
    </Filter>
  </ItemGroup>
  <ItemGroup>
    <ClInclude Include="framebuffer.h">
      <Filter>Header Files</Filter>
    </ClInclude>
    <ClInclude Include="glext.h">
      <Filter>Header Files</Filter>
    </ClInclude>
    <ClInclude Include="gui.h">
      <Filter>Header Files</Filter>
    </ClInclude>
    <ClInclude Include="scene.h">
      <Filter>Header Files</Filter>
    </ClInclude>
    <ClInclude Include="stdafx.h">
      <Filter>Header Files</Filter>
    </ClInclude>
    <ClInclude Include="vector.h">
      <Filter>Header Files\Data Objects</Filter>
    </ClInclude>
    <ClInclude Include="matrix.h">
      <Filter>Header Files\Data Objects</Filter>
    </ClInclude>
    <ClInclude Include="ppc.h">
      <Filter>Header Files</Filter>
    </ClInclude>
    <ClInclude Include="tmesh.h">
      <Filter>Header Files\3D Objects</Filter>
    </ClInclude>
    <ClInclude Include="bbox.h">
      <Filter>Header Files\3D Objects</Filter>
    </ClInclude>
    <ClInclude Include="worldview.h">
      <Filter>Header Files</Filter>
    </ClInclude>
    <ClInclude Include="inputhandler.h">
      <Filter>Header Files\Event Handlers</Filter>
    </ClInclude>
  </ItemGroup>
  <ItemGroup>
    <ClCompile Include="scene.cpp">
      <Filter>Source Files</Filter>
    </ClCompile>
    <ClCompile Include="framebuffer.cpp">
      <Filter>Source Files</Filter>
    </ClCompile>
    <ClCompile Include="gui.cxx">
      <Filter>Source Files</Filter>
    </ClCompile>
    <ClCompile Include="stdafx.cpp">
      <Filter>Source Files</Filter>
    </ClCompile>
    <ClCompile Include="matrix.cpp">
      <Filter>Source Files\Data Objects</Filter>
    </ClCompile>
    <ClCompile Include="vector.cpp">
      <Filter>Source Files\Data Objects</Filter>
    </ClCompile>
    <ClCompile Include="ppc.cpp">
      <Filter>Source Files</Filter>
    </ClCompile>
    <ClCompile Include="tmesh.cpp">
      <Filter>Source Files\3D Objects</Filter>
    </ClCompile>
    <ClCompile Include="bbox.cpp">
      <Filter>Source Files\3D Objects</Filter>
    </ClCompile>
    <ClCompile Include="worldview.cpp">
      <Filter>Source Files</Filter>
    </ClCompile>
    <ClCompile Include="inputhanlder.cpp">
      <Filter>Source Files\Event Hanlders</Filter>
    </ClCompile>
  </ItemGroup>
  <ItemGroup>
    <CustomBuild Include="gui.fl">
      <Filter>Resource Files</Filter>
    </CustomBuild>
  </ItemGroup>
  <ItemGroup>
    <None Include="CG\shaderOne.cg">
      <Filter>Resource Files</Filter>
    </None>
  </ItemGroup>
</Project>